
Microsoft Visual Studio Solution File, Format Version 12.00
# Visual Studio Version 16
VisualStudioVersion = 16.0.31911.196
MinimumVisualStudioVersion = 10.0.40219.1
Project("{FAE04EC0-301F-11D3-BF4B-00C04F79EFBC}") = "Jiyu_Manager", "Jiyu_Manager\Jiyu_Manager.csproj", "{65B5EF31-37FB-48B8-813C-FC45DAA3FFCA}"
EndProject
Project("{FAE04EC0-301F-11D3-BF4B-00C04F79EFBC}") = "Jiyu_Hooker", "Jiyu_Hooker\Jiyu_Hooker.csproj", "{1895430B-3012-47C8-9E93-366C50AECD07}"
EndProject
Project("{FAE04EC0-301F-11D3-BF4B-00C04F79EFBC}") = "Simulate_Topmost_Window", "Simulate_Topmost_Window\Simulate_Topmost_Window.csproj", "{9166A2C8-DD62-46BC-A991-3AC322BF90EF}"
EndProject
Global
	GlobalSection(SolutionConfigurationPlatforms) = preSolution
		Debug|Any CPU = Debug|Any CPU
		Release|Any CPU = Release|Any CPU
	EndGlobalSection
	GlobalSection(ProjectConfigurationPlatforms) = postSolution
		{65B5EF31-37FB-48B8-813C-FC45DAA3FFCA}.Debug|Any CPU.ActiveCfg = Debug|Any CPU
		{65B5EF31-37FB-48B8-813C-FC45DAA3FFCA}.Debug|Any CPU.Build.0 = Debug|Any CPU
		{65B5EF31-37FB-48B8-813C-FC45DAA3FFCA}.Release|Any CPU.ActiveCfg = Release|Any CPU
		{65B5EF31-37FB-48B8-813C-FC45DAA3FFCA}.Release|Any CPU.Build.0 = Release|Any CPU
		{1895430B-3012-47C8-9E93-366C50AECD07}.Debug|Any CPU.ActiveCfg = Debug|Any CPU
		{1895430B-3012-47C8-9E93-366C50AECD07}.Debug|Any CPU.Build.0 = Debug|Any CPU
		{1895430B-3012-47C8-9E93-366C50AECD07}.Release|Any CPU.ActiveCfg = Release|Any CPU
		{1895430B-3012-47C8-9E93-366C50AECD07}.Release|Any CPU.Build.0 = Release|Any CPU
		{9166A2C8-DD62-46BC-A991-3AC322BF90EF}.Debug|Any CPU.ActiveCfg = Debug|Any CPU
		{9166A2C8-DD62-46BC-A991-3AC322BF90EF}.Debug|Any CPU.Build.0 = Debug|Any CPU
		{9166A2C8-DD62-46BC-A991-3AC322BF90EF}.Release|Any CPU.ActiveCfg = Release|Any CPU
		{9166A2C8-DD62-46BC-A991-3AC322BF90EF}.Release|Any CPU.Build.0 = Release|Any CPU
	EndGlobalSection
	GlobalSection(SolutionProperties) = preSolution
		HideSolutionNode = FALSE
	EndGlobalSection
	GlobalSection(ExtensibilityGlobals) = postSolution
		SolutionGuid = {D10E1431-AD35-42AA-8C21-58D580625DD6}
	EndGlobalSection
EndGlobal
